
Microsoft Visual Studio Solution File, Format Version 12.00
# Visual Studio Version 17
VisualStudioVersion = 17.2.32630.192
MinimumVisualStudioVersion = 10.0.40219.1
Project("{FAE04EC0-301F-11D3-BF4B-00C04F79EFBC}") = "MyCrud", "MyCrud.csproj", "{40CBBC7C-728B-4FDE-8B63-37E20154659E}"
EndProject
Global
	GlobalSection(SolutionConfigurationPlatforms) = preSolution
		Debug|Any CPU = Debug|Any CPU
		Release|Any CPU = Release|Any CPU
	EndGlobalSection
	GlobalSection(ProjectConfigurationPlatforms) = postSolution
		{40CBBC7C-728B-4FDE-8B63-37E20154659E}.Debug|Any CPU.ActiveCfg = Debug|Any CPU
		{40CBBC7C-728B-4FDE-8B63-37E20154659E}.Debug|Any CPU.Build.0 = Debug|Any CPU
		{40CBBC7C-728B-4FDE-8B63-37E20154659E}.Release|Any CPU.ActiveCfg = Release|Any CPU
		{40CBBC7C-728B-4FDE-8B63-37E20154659E}.Release|Any CPU.Build.0 = Release|Any CPU
	EndGlobalSection
	GlobalSection(SolutionProperties) = preSolution
		HideSolutionNode = FALSE
	EndGlobalSection
	GlobalSection(ExtensibilityGlobals) = postSolution
		SolutionGuid = {8A9D5ADF-BF9C-41C6-8722-12A4B4FB4168}
	EndGlobalSection
EndGlobal
